
Microsoft Visual Studio Solution File, Format Version 12.00
# Visual Studio 15
VisualStudioVersion = 15.0.28307.1209
MinimumVisualStudioVersion = 10.0.40219.1
Project("{FAE04EC0-301F-11D3-BF4B-00C04F79EFBC}") = "Камък, Ножица, Хартия", "Камък, Ножица, Хартия\Камък, Ножица, Хартия.csproj", "{9CECFAB8-CE7B-46D4-A2FD-FFA67ADBA0B2}"
EndProject
Global
	GlobalSection(SolutionConfigurationPlatforms) = preSolution
		Debug|Any CPU = Debug|Any CPU
		Release|Any CPU = Release|Any CPU
	EndGlobalSection
	GlobalSection(ProjectConfigurationPlatforms) = postSolution
		{9CECFAB8-CE7B-46D4-A2FD-FFA67ADBA0B2}.Debug|Any CPU.ActiveCfg = Debug|Any CPU
		{9CECFAB8-CE7B-46D4-A2FD-FFA67ADBA0B2}.Debug|Any CPU.Build.0 = Debug|Any CPU
		{9CECFAB8-CE7B-46D4-A2FD-FFA67ADBA0B2}.Release|Any CPU.ActiveCfg = Release|Any CPU
		{9CECFAB8-CE7B-46D4-A2FD-FFA67ADBA0B2}.Release|Any CPU.Build.0 = Release|Any CPU
	EndGlobalSection
	GlobalSection(SolutionProperties) = preSolution
		HideSolutionNode = FALSE
	EndGlobalSection
	GlobalSection(ExtensibilityGlobals) = postSolution
		SolutionGuid = {C978864E-8BAB-4883-BD12-B46E7D0B0E73}
	EndGlobalSection
EndGlobal
